
Microsoft Visual Studio Solution File, Format Version 12.00
# Visual Studio Version 17
VisualStudioVersion = 17.3.32811.315
MinimumVisualStudioVersion = 10.0.40219.1
Project("{FAE04EC0-301F-11D3-BF4B-00C04F79EFBC}") = "FunctionApp4", "FunctionApp4.csproj", "{8687D3DC-2012-4854-B356-760462CE8AFB}"
EndProject
Global
	GlobalSection(SolutionConfigurationPlatforms) = preSolution
		Debug|Any CPU = Debug|Any CPU
		Release|Any CPU = Release|Any CPU
	EndGlobalSection
	GlobalSection(ProjectConfigurationPlatforms) = postSolution
		{8687D3DC-2012-4854-B356-760462CE8AFB}.Debug|Any CPU.ActiveCfg = Debug|Any CPU
		{8687D3DC-2012-4854-B356-760462CE8AFB}.Debug|Any CPU.Build.0 = Debug|Any CPU
		{8687D3DC-2012-4854-B356-760462CE8AFB}.Release|Any CPU.ActiveCfg = Release|Any CPU
		{8687D3DC-2012-4854-B356-760462CE8AFB}.Release|Any CPU.Build.0 = Release|Any CPU
	EndGlobalSection
	GlobalSection(SolutionProperties) = preSolution
		HideSolutionNode = FALSE
	EndGlobalSection
	GlobalSection(ExtensibilityGlobals) = postSolution
		SolutionGuid = {21FF80D8-2A5B-47CB-A8E5-C0FF3855211A}
	EndGlobalSection
EndGlobal
